
Microsoft Visual Studio Solution File, Format Version 12.00
# Visual Studio 14
VisualStudioVersion = 14.0.24720.0
MinimumVisualStudioVersion = 10.0.40219.1
Project("{FAE04EC0-301F-11D3-BF4B-00C04F79EFBC}") = "TestminiCoreFrame", "TestminiCoreFrame\TestminiCoreFrame.csproj", "{D3A9FD55-681B-48CF-8D15-5AC226F88FAE}"
EndProject
Project("{FAE04EC0-301F-11D3-BF4B-00C04F79EFBC}") = "miniCoreFrame", "miniCoreFrame\miniCoreFrame.csproj", "{9BEC086A-6C64-401A-BA09-EEBA678992AE}"
EndProject
Global
	GlobalSection(SolutionConfigurationPlatforms) = preSolution
		Debug|Any CPU = Debug|Any CPU
		Release|Any CPU = Release|Any CPU
	EndGlobalSection
	GlobalSection(ProjectConfigurationPlatforms) = postSolution
		{D3A9FD55-681B-48CF-8D15-5AC226F88FAE}.Debug|Any CPU.ActiveCfg = Debug|Any CPU
		{D3A9FD55-681B-48CF-8D15-5AC226F88FAE}.Debug|Any CPU.Build.0 = Debug|Any CPU
		{D3A9FD55-681B-48CF-8D15-5AC226F88FAE}.Release|Any CPU.ActiveCfg = Release|Any CPU
		{D3A9FD55-681B-48CF-8D15-5AC226F88FAE}.Release|Any CPU.Build.0 = Release|Any CPU
		{9BEC086A-6C64-401A-BA09-EEBA678992AE}.Debug|Any CPU.ActiveCfg = Debug|Any CPU
		{9BEC086A-6C64-401A-BA09-EEBA678992AE}.Debug|Any CPU.Build.0 = Debug|Any CPU
		{9BEC086A-6C64-401A-BA09-EEBA678992AE}.Release|Any CPU.ActiveCfg = Release|Any CPU
		{9BEC086A-6C64-401A-BA09-EEBA678992AE}.Release|Any CPU.Build.0 = Release|Any CPU
	EndGlobalSection
	GlobalSection(SolutionProperties) = preSolution
		HideSolutionNode = FALSE
	EndGlobalSection
EndGlobal
